
Microsoft Visual Studio Solution File, Format Version 12.00
# Visual Studio Version 17
VisualStudioVersion = 17.14.36121.58 d17.14
MinimumVisualStudioVersion = 10.0.40219.1
Project("{8BC9CEB8-8B4A-11D0-8D11-00A0C91BC942}") = "blindfold_game", "blindfold_game.vcxproj", "{C4478E25-923B-4015-AC5E-30AC43B5AE7D}"
EndProject
Global
	GlobalSection(SolutionConfigurationPlatforms) = preSolution
		Debug|x64 = Debug|x64
		Release|x64 = Release|x64
	EndGlobalSection
	GlobalSection(ProjectConfigurationPlatforms) = postSolution
		{C4478E25-923B-4015-AC5E-30AC43B5AE7D}.Debug|x64.ActiveCfg = Debug|x64
		{C4478E25-923B-4015-AC5E-30AC43B5AE7D}.Debug|x64.Build.0 = Debug|x64
		{C4478E25-923B-4015-AC5E-30AC43B5AE7D}.Release|x64.ActiveCfg = Release|x64
		{C4478E25-923B-4015-AC5E-30AC43B5AE7D}.Release|x64.Build.0 = Release|x64
	EndGlobalSection
	GlobalSection(SolutionProperties) = preSolution
		HideSolutionNode = FALSE
	EndGlobalSection
	GlobalSection(ExtensibilityGlobals) = postSolution
		SolutionGuid = {BBD49392-508F-4C52-B79B-758EE87C1847}
	EndGlobalSection
EndGlobal
